
Microsoft Visual Studio Solution File, Format Version 12.00
# Visual Studio 14
VisualStudioVersion = 14.0.25420.1
MinimumVisualStudioVersion = 10.0.40219.1
Project("{2150E333-8FDC-42A3-9474-1A3956D46DE8}") = "android PROJECTS", "android PROJECTS", "{8D8E44E9-B2D6-4F36-A99D-F68541695FDD}"
EndProject
Project("{2150E333-8FDC-42A3-9474-1A3956D46DE8}") = "Android1", "Android1", "{9AC06480-08BD-4CC1-A943-E9BBFFBFD832}"
EndProject
Project("{39E2626F-3545-4960-A6E8-258AD8476CE5}") = "Android1.Packaging", "Android1\Android1.Packaging\Android1.Packaging.androidproj", "{EEC5E7DB-87DD-44DA-AC07-99C25569CA72}"
EndProject
Project("{8BC9CEB8-8B4A-11D0-8D11-00A0C91BC942}") = "Android1.NativeActivity", "Android1\Android1.NativeActivity\Android1.NativeActivity.vcxproj", "{67C771E1-9219-4565-985A-63D93BD82CA2}"
EndProject
Global
	GlobalSection(SolutionConfigurationPlatforms) = preSolution
		Debug|ARM = Debug|ARM
		Debug|ARM64 = Debug|ARM64
		Debug|x64 = Debug|x64
		Debug|x86 = Debug|x86
		Release|ARM = Release|ARM
		Release|ARM64 = Release|ARM64
		Release|x64 = Release|x64
		Release|x86 = Release|x86
	EndGlobalSection
	GlobalSection(ProjectConfigurationPlatforms) = postSolution
		{EEC5E7DB-87DD-44DA-AC07-99C25569CA72}.Debug|ARM.ActiveCfg = Debug|ARM
		{EEC5E7DB-87DD-44DA-AC07-99C25569CA72}.Debug|ARM.Build.0 = Debug|ARM
		{EEC5E7DB-87DD-44DA-AC07-99C25569CA72}.Debug|ARM.Deploy.0 = Debug|ARM
		{EEC5E7DB-87DD-44DA-AC07-99C25569CA72}.Debug|ARM64.ActiveCfg = Debug|ARM64
		{EEC5E7DB-87DD-44DA-AC07-99C25569CA72}.Debug|ARM64.Build.0 = Debug|ARM64
		{EEC5E7DB-87DD-44DA-AC07-99C25569CA72}.Debug|ARM64.Deploy.0 = Debug|ARM64
		{EEC5E7DB-87DD-44DA-AC07-99C25569CA72}.Debug|x64.ActiveCfg = Debug|x64
		{EEC5E7DB-87DD-44DA-AC07-99C25569CA72}.Debug|x64.Build.0 = Debug|x64
		{EEC5E7DB-87DD-44DA-AC07-99C25569CA72}.Debug|x64.Deploy.0 = Debug|x64
		{EEC5E7DB-87DD-44DA-AC07-99C25569CA72}.Debug|x86.ActiveCfg = Debug|x86
		{EEC5E7DB-87DD-44DA-AC07-99C25569CA72}.Debug|x86.Build.0 = Debug|x86
		{EEC5E7DB-87DD-44DA-AC07-99C25569CA72}.Debug|x86.Deploy.0 = Debug|x86
		{EEC5E7DB-87DD-44DA-AC07-99C25569CA72}.Release|ARM.ActiveCfg = Release|ARM
		{EEC5E7DB-87DD-44DA-AC07-99C25569CA72}.Release|ARM.Build.0 = Release|ARM
		{EEC5E7DB-87DD-44DA-AC07-99C25569CA72}.Release|ARM.Deploy.0 = Release|ARM
		{EEC5E7DB-87DD-44DA-AC07-99C25569CA72}.Release|ARM64.ActiveCfg = Release|ARM64
		{EEC5E7DB-87DD-44DA-AC07-99C25569CA72}.Release|ARM64.Build.0 = Release|ARM64
		{EEC5E7DB-87DD-44DA-AC07-99C25569CA72}.Release|ARM64.Deploy.0 = Release|ARM64
		{EEC5E7DB-87DD-44DA-AC07-99C25569CA72}.Release|x64.ActiveCfg = Release|x64
		{EEC5E7DB-87DD-44DA-AC07-99C25569CA72}.Release|x64.Build.0 = Release|x64
		{EEC5E7DB-87DD-44DA-AC07-99C25569CA72}.Release|x64.Deploy.0 = Release|x64
		{EEC5E7DB-87DD-44DA-AC07-99C25569CA72}.Release|x86.ActiveCfg = Release|x86
		{EEC5E7DB-87DD-44DA-AC07-99C25569CA72}.Release|x86.Build.0 = Release|x86
		{EEC5E7DB-87DD-44DA-AC07-99C25569CA72}.Release|x86.Deploy.0 = Release|x86
		{67C771E1-9219-4565-985A-63D93BD82CA2}.Debug|ARM.ActiveCfg = Debug|ARM
		{67C771E1-9219-4565-985A-63D93BD82CA2}.Debug|ARM.Build.0 = Debug|ARM
		{67C771E1-9219-4565-985A-63D93BD82CA2}.Debug|ARM64.ActiveCfg = Debug|ARM64
		{67C771E1-9219-4565-985A-63D93BD82CA2}.Debug|ARM64.Build.0 = Debug|ARM64
		{67C771E1-9219-4565-985A-63D93BD82CA2}.Debug|x64.ActiveCfg = Debug|x64
		{67C771E1-9219-4565-985A-63D93BD82CA2}.Debug|x64.Build.0 = Debug|x64
		{67C771E1-9219-4565-985A-63D93BD82CA2}.Debug|x86.ActiveCfg = Debug|x86
		{67C771E1-9219-4565-985A-63D93BD82CA2}.Debug|x86.Build.0 = Debug|x86
		{67C771E1-9219-4565-985A-63D93BD82CA2}.Release|ARM.ActiveCfg = Release|ARM
		{67C771E1-9219-4565-985A-63D93BD82CA2}.Release|ARM.Build.0 = Release|ARM
		{67C771E1-9219-4565-985A-63D93BD82CA2}.Release|ARM64.ActiveCfg = Release|ARM64
		{67C771E1-9219-4565-985A-63D93BD82CA2}.Release|ARM64.Build.0 = Release|ARM64
		{67C771E1-9219-4565-985A-63D93BD82CA2}.Release|x64.ActiveCfg = Release|x64
		{67C771E1-9219-4565-985A-63D93BD82CA2}.Release|x64.Build.0 = Release|x64
		{67C771E1-9219-4565-985A-63D93BD82CA2}.Release|x86.ActiveCfg = Release|x86
		{67C771E1-9219-4565-985A-63D93BD82CA2}.Release|x86.Build.0 = Release|x86
	EndGlobalSection
	GlobalSection(SolutionProperties) = preSolution
		HideSolutionNode = FALSE
	EndGlobalSection
	GlobalSection(NestedProjects) = preSolution
		{9AC06480-08BD-4CC1-A943-E9BBFFBFD832} = {8D8E44E9-B2D6-4F36-A99D-F68541695FDD}
		{EEC5E7DB-87DD-44DA-AC07-99C25569CA72} = {9AC06480-08BD-4CC1-A943-E9BBFFBFD832}
		{67C771E1-9219-4565-985A-63D93BD82CA2} = {9AC06480-08BD-4CC1-A943-E9BBFFBFD832}
	EndGlobalSection
EndGlobal
